{
  "name": "customloggerpratt",
  "version": "1.0.0",
  "lockfileVersion": 3,
  "requires": true,
  "packages": {
    "": {
      "name": "customloggerpratt",
      "version": "1.0.0",
      "license": "MIT",
      "dependencies": {
        "taskschedulerbyandretanko": "^1.0.1"
      }
    },
    "node_modules/customloggerpratt": {
      "version": "1.0.0",
      "resolved": "https://registry.npmjs.org/customloggerpratt/-/customloggerpratt-1.0.0.tgz",
      "integrity": "sha512-+6m+dvgTBuR5PKhLSNaUTbwR90lk+sP8qBs0+HOB6ARI2lLO2y/7FIK1/gIeZDMZGXlTKXSlM85DPma7H13muw=="
    },
    "node_modules/taskschedulerbyandretanko": {
      "version": "1.0.1",
      "resolved": "https://registry.npmjs.org/taskschedulerbyandretanko/-/taskschedulerbyandretanko-1.0.1.tgz",
      "integrity": "sha512-hhNNWjBQ9jVa3WEdCaIfZMttCTiNyeYvAqctudDE1hH4WHCpPtJEDitDDJw2/giv/5PHzmRDePb5HQ684FgObg==",
      "dependencies": {
        "customloggerpratt": "^1.0.0"
      }
    }
  }
}
